
Microsoft Visual Studio Solution File, Format Version 12.00
# Visual Studio Version 16
VisualStudioVersion = 16.0.30503.244
MinimumVisualStudioVersion = 10.0.40219.1
Project("{FAE04EC0-301F-11D3-BF4B-00C04F79EFBC}") = "Shopping-bag", "Shopping-bag\Shopping-bag.csproj", "{448EF214-30D1-4465-BC3F-932925A630EC}"
EndProject
Global
	GlobalSection(SolutionConfigurationPlatforms) = preSolution
		Debug|Any CPU = Debug|Any CPU
		Release|Any CPU = Release|Any CPU
	EndGlobalSection
	GlobalSection(ProjectConfigurationPlatforms) = postSolution
		{448EF214-30D1-4465-BC3F-932925A630EC}.Debug|Any CPU.ActiveCfg = Debug|Any CPU
		{448EF214-30D1-4465-BC3F-932925A630EC}.Debug|Any CPU.Build.0 = Debug|Any CPU
		{448EF214-30D1-4465-BC3F-932925A630EC}.Release|Any CPU.ActiveCfg = Release|Any CPU
		{448EF214-30D1-4465-BC3F-932925A630EC}.Release|Any CPU.Build.0 = Release|Any CPU
	EndGlobalSection
	GlobalSection(SolutionProperties) = preSolution
		HideSolutionNode = FALSE
	EndGlobalSection
	GlobalSection(ExtensibilityGlobals) = postSolution
		SolutionGuid = {EA33D65C-4E00-41FB-9386-2D471C3711C1}
	EndGlobalSection
EndGlobal
